
Microsoft Visual Studio Solution File, Format Version 12.00
# Visual Studio 15
VisualStudioVersion = 15.0.28307.421
MinimumVisualStudioVersion = 10.0.40219.1
Project("{888888A0-9F3D-457C-B088-3A5042F75D52}") = "imf_significance", "imf_significance\imf_significance.pyproj", "{76A0B06F-06D5-44D7-996A-A0AABEF234A7}"
EndProject
Global
	GlobalSection(SolutionConfigurationPlatforms) = preSolution
		Debug|Any CPU = Debug|Any CPU
		Release|Any CPU = Release|Any CPU
	EndGlobalSection
	GlobalSection(ProjectConfigurationPlatforms) = postSolution
		{76A0B06F-06D5-44D7-996A-A0AABEF234A7}.Debug|Any CPU.ActiveCfg = Debug|Any CPU
		{76A0B06F-06D5-44D7-996A-A0AABEF234A7}.Release|Any CPU.ActiveCfg = Release|Any CPU
	EndGlobalSection
	GlobalSection(SolutionProperties) = preSolution
		HideSolutionNode = FALSE
	EndGlobalSection
	GlobalSection(ExtensibilityGlobals) = postSolution
		SolutionGuid = {96AE55CB-38CD-4310-90B4-ABD504C57E3D}
	EndGlobalSection
EndGlobal
